
Microsoft Visual Studio Solution File, Format Version 12.00
# Visual Studio Version 17
VisualStudioVersion = 17.10.35013.160
MinimumVisualStudioVersion = 10.0.40219.1
Project("{FAE04EC0-301F-11D3-BF4B-00C04F79EFBC}") = "TratamentoDeExcecoes", "TratamentoDeExcecoes\TratamentoDeExcecoes.csproj", "{53E1E44D-9707-436F-93A3-0BDD87DE8F6A}"
EndProject
Global
	GlobalSection(SolutionConfigurationPlatforms) = preSolution
		Debug|Any CPU = Debug|Any CPU
		Release|Any CPU = Release|Any CPU
	EndGlobalSection
	GlobalSection(ProjectConfigurationPlatforms) = postSolution
		{53E1E44D-9707-436F-93A3-0BDD87DE8F6A}.Debug|Any CPU.ActiveCfg = Debug|Any CPU
		{53E1E44D-9707-436F-93A3-0BDD87DE8F6A}.Debug|Any CPU.Build.0 = Debug|Any CPU
		{53E1E44D-9707-436F-93A3-0BDD87DE8F6A}.Release|Any CPU.ActiveCfg = Release|Any CPU
		{53E1E44D-9707-436F-93A3-0BDD87DE8F6A}.Release|Any CPU.Build.0 = Release|Any CPU
	EndGlobalSection
	GlobalSection(SolutionProperties) = preSolution
		HideSolutionNode = FALSE
	EndGlobalSection
	GlobalSection(ExtensibilityGlobals) = postSolution
		SolutionGuid = {D7F7E4E2-756C-4C92-8BCE-B13480BF1196}
	EndGlobalSection
EndGlobal
